
Microsoft Visual Studio Solution File, Format Version 12.00
# Visual Studio Version 16
VisualStudioVersion = 16.0.30413.136
MinimumVisualStudioVersion = 10.0.40219.1
Project("{9A19103F-16F7-4668-BE54-9A1E7A4F7556}") = "Day02", "Day2\Day02.csproj", "{597DB770-87BE-4073-B321-785B62EDA0CF}"
EndProject
Project("{9A19103F-16F7-4668-BE54-9A1E7A4F7556}") = "Day01", "Day1\Day01.csproj", "{13C162EB-2E15-4D11-8B4A-B3F456B32A67}"
EndProject
Project("{9A19103F-16F7-4668-BE54-9A1E7A4F7556}") = "Day03", "Day3\Day03.csproj", "{D04A91FA-00ED-462C-9EF8-1998F18F90B6}"
EndProject
Project("{9A19103F-16F7-4668-BE54-9A1E7A4F7556}") = "Day04", "Day4\Day04.csproj", "{14CD2288-D804-4239-8029-A5F40E981C22}"
EndProject
Project("{9A19103F-16F7-4668-BE54-9A1E7A4F7556}") = "Day05", "Day5\Day05.csproj", "{6C2C8A84-4877-4843-A413-CDC271C917A1}"
EndProject
Project("{9A19103F-16F7-4668-BE54-9A1E7A4F7556}") = "Day06", "Day6\Day06.csproj", "{4EC177CD-D6E2-4658-AA8E-7F6794B1DDD4}"
EndProject
Project("{9A19103F-16F7-4668-BE54-9A1E7A4F7556}") = "Day07", "Day7\Day07.csproj", "{14B4AF17-B092-4B87-97A7-AD77F79A0542}"
EndProject
Project("{9A19103F-16F7-4668-BE54-9A1E7A4F7556}") = "Day08", "Day8\Day08.csproj", "{E5BE6560-E5B7-4E5B-9D6A-1EB94F79FC0A}"
EndProject
Project("{9A19103F-16F7-4668-BE54-9A1E7A4F7556}") = "Day09", "Day9\Day09.csproj", "{FF3632E0-15E4-4A00-9085-5C4BECB04720}"
EndProject
Project("{9A19103F-16F7-4668-BE54-9A1E7A4F7556}") = "Day10", "Day10\Day10.csproj", "{9342DBEB-0FC8-4B72-BC0E-211693ACDDC8}"
EndProject
Project("{9A19103F-16F7-4668-BE54-9A1E7A4F7556}") = "Day11", "Day11\Day11.csproj", "{2FA7BD7B-217F-4F01-827A-4154F8B854CE}"
EndProject
Project("{FAE04EC0-301F-11D3-BF4B-00C04F79EFBC}") = "Day12", "Day12\Day12.csproj", "{8BAF43F4-40A5-48DD-9E73-E77521BF6506}"
EndProject
Global
	GlobalSection(SolutionConfigurationPlatforms) = preSolution
		Debug|Any CPU = Debug|Any CPU
		Release|Any CPU = Release|Any CPU
	EndGlobalSection
	GlobalSection(ProjectConfigurationPlatforms) = postSolution
		{597DB770-87BE-4073-B321-785B62EDA0CF}.Debug|Any CPU.ActiveCfg = Debug|Any CPU
		{597DB770-87BE-4073-B321-785B62EDA0CF}.Debug|Any CPU.Build.0 = Debug|Any CPU
		{597DB770-87BE-4073-B321-785B62EDA0CF}.Release|Any CPU.ActiveCfg = Release|Any CPU
		{597DB770-87BE-4073-B321-785B62EDA0CF}.Release|Any CPU.Build.0 = Release|Any CPU
		{13C162EB-2E15-4D11-8B4A-B3F456B32A67}.Debug|Any CPU.ActiveCfg = Debug|Any CPU
		{13C162EB-2E15-4D11-8B4A-B3F456B32A67}.Debug|Any CPU.Build.0 = Debug|Any CPU
		{13C162EB-2E15-4D11-8B4A-B3F456B32A67}.Release|Any CPU.ActiveCfg = Release|Any CPU
		{13C162EB-2E15-4D11-8B4A-B3F456B32A67}.Release|Any CPU.Build.0 = Release|Any CPU
		{D04A91FA-00ED-462C-9EF8-1998F18F90B6}.Debug|Any CPU.ActiveCfg = Debug|Any CPU
		{D04A91FA-00ED-462C-9EF8-1998F18F90B6}.Debug|Any CPU.Build.0 = Debug|Any CPU
		{D04A91FA-00ED-462C-9EF8-1998F18F90B6}.Release|Any CPU.ActiveCfg = Release|Any CPU
		{D04A91FA-00ED-462C-9EF8-1998F18F90B6}.Release|Any CPU.Build.0 = Release|Any CPU
		{14CD2288-D804-4239-8029-A5F40E981C22}.Debug|Any CPU.ActiveCfg = Debug|Any CPU
		{14CD2288-D804-4239-8029-A5F40E981C22}.Debug|Any CPU.Build.0 = Debug|Any CPU
		{14CD2288-D804-4239-8029-A5F40E981C22}.Release|Any CPU.ActiveCfg = Release|Any CPU
		{14CD2288-D804-4239-8029-A5F40E981C22}.Release|Any CPU.Build.0 = Release|Any CPU
		{6C2C8A84-4877-4843-A413-CDC271C917A1}.Debug|Any CPU.ActiveCfg = Debug|Any CPU
		{6C2C8A84-4877-4843-A413-CDC271C917A1}.Debug|Any CPU.Build.0 = Debug|Any CPU
		{6C2C8A84-4877-4843-A413-CDC271C917A1}.Release|Any CPU.ActiveCfg = Release|Any CPU
		{6C2C8A84-4877-4843-A413-CDC271C917A1}.Release|Any CPU.Build.0 = Release|Any CPU
		{4EC177CD-D6E2-4658-AA8E-7F6794B1DDD4}.Debug|Any CPU.ActiveCfg = Debug|Any CPU
		{4EC177CD-D6E2-4658-AA8E-7F6794B1DDD4}.Debug|Any CPU.Build.0 = Debug|Any CPU
		{4EC177CD-D6E2-4658-AA8E-7F6794B1DDD4}.Release|Any CPU.ActiveCfg = Release|Any CPU
		{4EC177CD-D6E2-4658-AA8E-7F6794B1DDD4}.Release|Any CPU.Build.0 = Release|Any CPU
		{14B4AF17-B092-4B87-97A7-AD77F79A0542}.Debug|Any CPU.ActiveCfg = Debug|Any CPU
		{14B4AF17-B092-4B87-97A7-AD77F79A0542}.Debug|Any CPU.Build.0 = Debug|Any CPU
		{14B4AF17-B092-4B87-97A7-AD77F79A0542}.Release|Any CPU.ActiveCfg = Release|Any CPU
		{14B4AF17-B092-4B87-97A7-AD77F79A0542}.Release|Any CPU.Build.0 = Release|Any CPU
		{E5BE6560-E5B7-4E5B-9D6A-1EB94F79FC0A}.Debug|Any CPU.ActiveCfg = Debug|Any CPU
		{E5BE6560-E5B7-4E5B-9D6A-1EB94F79FC0A}.Debug|Any CPU.Build.0 = Debug|Any CPU
		{E5BE6560-E5B7-4E5B-9D6A-1EB94F79FC0A}.Release|Any CPU.ActiveCfg = Release|Any CPU
		{E5BE6560-E5B7-4E5B-9D6A-1EB94F79FC0A}.Release|Any CPU.Build.0 = Release|Any CPU
		{FF3632E0-15E4-4A00-9085-5C4BECB04720}.Debug|Any CPU.ActiveCfg = Debug|Any CPU
		{FF3632E0-15E4-4A00-9085-5C4BECB04720}.Debug|Any CPU.Build.0 = Debug|Any CPU
		{FF3632E0-15E4-4A00-9085-5C4BECB04720}.Release|Any CPU.ActiveCfg = Release|Any CPU
		{FF3632E0-15E4-4A00-9085-5C4BECB04720}.Release|Any CPU.Build.0 = Release|Any CPU
		{9342DBEB-0FC8-4B72-BC0E-211693ACDDC8}.Debug|Any CPU.ActiveCfg = Debug|Any CPU
		{9342DBEB-0FC8-4B72-BC0E-211693ACDDC8}.Debug|Any CPU.Build.0 = Debug|Any CPU
		{9342DBEB-0FC8-4B72-BC0E-211693ACDDC8}.Release|Any CPU.ActiveCfg = Release|Any CPU
		{9342DBEB-0FC8-4B72-BC0E-211693ACDDC8}.Release|Any CPU.Build.0 = Release|Any CPU
		{2FA7BD7B-217F-4F01-827A-4154F8B854CE}.Debug|Any CPU.ActiveCfg = Debug|Any CPU
		{2FA7BD7B-217F-4F01-827A-4154F8B854CE}.Debug|Any CPU.Build.0 = Debug|Any CPU
		{2FA7BD7B-217F-4F01-827A-4154F8B854CE}.Release|Any CPU.ActiveCfg = Release|Any CPU
		{2FA7BD7B-217F-4F01-827A-4154F8B854CE}.Release|Any CPU.Build.0 = Release|Any CPU
		{8BAF43F4-40A5-48DD-9E73-E77521BF6506}.Debug|Any CPU.ActiveCfg = Debug|Any CPU
		{8BAF43F4-40A5-48DD-9E73-E77521BF6506}.Debug|Any CPU.Build.0 = Debug|Any CPU
		{8BAF43F4-40A5-48DD-9E73-E77521BF6506}.Release|Any CPU.ActiveCfg = Release|Any CPU
		{8BAF43F4-40A5-48DD-9E73-E77521BF6506}.Release|Any CPU.Build.0 = Release|Any CPU
	EndGlobalSection
	GlobalSection(SolutionProperties) = preSolution
		HideSolutionNode = FALSE
	EndGlobalSection
	GlobalSection(ExtensibilityGlobals) = postSolution
		SolutionGuid = {393D4F7B-B710-47C3-9943-F4C2CF252752}
	EndGlobalSection
EndGlobal
