
Microsoft Visual Studio Solution File, Format Version 12.00
# Visual Studio Version 17
VisualStudioVersion = 17.4.33122.133
MinimumVisualStudioVersion = 10.0.40219.1
Project("{6EC3EE1D-3C4E-46DD-8F32-0CC8E7565705}") = "Day01", "Day01\Day01.fsproj", "{0B308D1A-85E8-4F42-8CD3-33FD3384676C}"
EndProject
Project("{2150E333-8FDC-42A3-9474-1A3956D46DE8}") = "Solution Items", "Solution Items", "{F6D285BC-D258-4373-A202-3AD93E9D83B2}"
	ProjectSection(SolutionItems) = preProject
		..\..\.gitignore = ..\..\.gitignore
	EndProjectSection
EndProject
Project("{6EC3EE1D-3C4E-46DD-8F32-0CC8E7565705}") = "Tests", "Tests\Tests.fsproj", "{BD74B69D-C231-4CF2-9AE1-237E51C9E292}"
EndProject
Project("{6EC3EE1D-3C4E-46DD-8F32-0CC8E7565705}") = "Day02", "Day02\Day02.fsproj", "{EE14615E-FBDF-4E01-8E3D-513BBFE75CDF}"
EndProject
Project("{6EC3EE1D-3C4E-46DD-8F32-0CC8E7565705}") = "Day03", "Day03\Day03.fsproj", "{66E39C5B-5353-4B88-8323-56971292FF59}"
EndProject
Project("{6EC3EE1D-3C4E-46DD-8F32-0CC8E7565705}") = "Day04", "Day04\Day04.fsproj", "{E30EF410-FB6C-4F2B-9820-3C0D6CD79C65}"
EndProject
Project("{6EC3EE1D-3C4E-46DD-8F32-0CC8E7565705}") = "Day05", "Day05\Day05.fsproj", "{723BFBE4-3BE2-466D-B06C-D7D99DE889BD}"
EndProject
Project("{6EC3EE1D-3C4E-46DD-8F32-0CC8E7565705}") = "Day06", "Day06\Day06.fsproj", "{379FB444-8ECD-410F-96B5-08F293A56209}"
EndProject
Project("{6EC3EE1D-3C4E-46DD-8F32-0CC8E7565705}") = "Day07", "Day07\Day07.fsproj", "{68744F11-1CDC-419F-8B2C-3EAB0E7212CB}"
EndProject
Project("{6EC3EE1D-3C4E-46DD-8F32-0CC8E7565705}") = "Day08", "Day08\Day08.fsproj", "{67A584C5-952F-4E21-8E2A-CA8F8C5105E7}"
EndProject
Project("{6EC3EE1D-3C4E-46DD-8F32-0CC8E7565705}") = "Common", "Common\Common.fsproj", "{CFED71C9-9ACC-434C-A858-E7836B119D38}"
EndProject
Project("{6EC3EE1D-3C4E-46DD-8F32-0CC8E7565705}") = "Day10", "Day10\Day10.fsproj", "{A310143E-5FB2-4454-B323-894C9BFA289E}"
EndProject
Project("{F2A71F9B-5D33-465A-A702-920D77279786}") = "Day11", "Day11\Day11.fsproj", "{A4A0564C-8FB4-4845-9D4E-019B99B0FF11}"
EndProject
Project("{F2A71F9B-5D33-465A-A702-920D77279786}") = "Day13", "Day13\Day13.fsproj", "{6C68EFE6-2134-4127-B83E-623AE034BAFA}"
EndProject
Global
	GlobalSection(SolutionConfigurationPlatforms) = preSolution
		Debug|Any CPU = Debug|Any CPU
		Release|Any CPU = Release|Any CPU
	EndGlobalSection
	GlobalSection(ProjectConfigurationPlatforms) = postSolution
		{0B308D1A-85E8-4F42-8CD3-33FD3384676C}.Debug|Any CPU.ActiveCfg = Debug|Any CPU
		{0B308D1A-85E8-4F42-8CD3-33FD3384676C}.Debug|Any CPU.Build.0 = Debug|Any CPU
		{0B308D1A-85E8-4F42-8CD3-33FD3384676C}.Release|Any CPU.ActiveCfg = Release|Any CPU
		{0B308D1A-85E8-4F42-8CD3-33FD3384676C}.Release|Any CPU.Build.0 = Release|Any CPU
		{BD74B69D-C231-4CF2-9AE1-237E51C9E292}.Debug|Any CPU.ActiveCfg = Debug|Any CPU
		{BD74B69D-C231-4CF2-9AE1-237E51C9E292}.Debug|Any CPU.Build.0 = Debug|Any CPU
		{BD74B69D-C231-4CF2-9AE1-237E51C9E292}.Release|Any CPU.ActiveCfg = Release|Any CPU
		{BD74B69D-C231-4CF2-9AE1-237E51C9E292}.Release|Any CPU.Build.0 = Release|Any CPU
		{EE14615E-FBDF-4E01-8E3D-513BBFE75CDF}.Debug|Any CPU.ActiveCfg = Debug|Any CPU
		{EE14615E-FBDF-4E01-8E3D-513BBFE75CDF}.Debug|Any CPU.Build.0 = Debug|Any CPU
		{EE14615E-FBDF-4E01-8E3D-513BBFE75CDF}.Release|Any CPU.ActiveCfg = Release|Any CPU
		{EE14615E-FBDF-4E01-8E3D-513BBFE75CDF}.Release|Any CPU.Build.0 = Release|Any CPU
		{66E39C5B-5353-4B88-8323-56971292FF59}.Debug|Any CPU.ActiveCfg = Debug|Any CPU
		{66E39C5B-5353-4B88-8323-56971292FF59}.Debug|Any CPU.Build.0 = Debug|Any CPU
		{66E39C5B-5353-4B88-8323-56971292FF59}.Release|Any CPU.ActiveCfg = Release|Any CPU
		{66E39C5B-5353-4B88-8323-56971292FF59}.Release|Any CPU.Build.0 = Release|Any CPU
		{E30EF410-FB6C-4F2B-9820-3C0D6CD79C65}.Debug|Any CPU.ActiveCfg = Debug|Any CPU
		{E30EF410-FB6C-4F2B-9820-3C0D6CD79C65}.Debug|Any CPU.Build.0 = Debug|Any CPU
		{E30EF410-FB6C-4F2B-9820-3C0D6CD79C65}.Release|Any CPU.ActiveCfg = Release|Any CPU
		{E30EF410-FB6C-4F2B-9820-3C0D6CD79C65}.Release|Any CPU.Build.0 = Release|Any CPU
		{723BFBE4-3BE2-466D-B06C-D7D99DE889BD}.Debug|Any CPU.ActiveCfg = Debug|Any CPU
		{723BFBE4-3BE2-466D-B06C-D7D99DE889BD}.Debug|Any CPU.Build.0 = Debug|Any CPU
		{723BFBE4-3BE2-466D-B06C-D7D99DE889BD}.Release|Any CPU.ActiveCfg = Release|Any CPU
		{723BFBE4-3BE2-466D-B06C-D7D99DE889BD}.Release|Any CPU.Build.0 = Release|Any CPU
		{379FB444-8ECD-410F-96B5-08F293A56209}.Debug|Any CPU.ActiveCfg = Debug|Any CPU
		{379FB444-8ECD-410F-96B5-08F293A56209}.Debug|Any CPU.Build.0 = Debug|Any CPU
		{379FB444-8ECD-410F-96B5-08F293A56209}.Release|Any CPU.ActiveCfg = Release|Any CPU
		{379FB444-8ECD-410F-96B5-08F293A56209}.Release|Any CPU.Build.0 = Release|Any CPU
		{68744F11-1CDC-419F-8B2C-3EAB0E7212CB}.Debug|Any CPU.ActiveCfg = Debug|Any CPU
		{68744F11-1CDC-419F-8B2C-3EAB0E7212CB}.Debug|Any CPU.Build.0 = Debug|Any CPU
		{68744F11-1CDC-419F-8B2C-3EAB0E7212CB}.Release|Any CPU.ActiveCfg = Release|Any CPU
		{68744F11-1CDC-419F-8B2C-3EAB0E7212CB}.Release|Any CPU.Build.0 = Release|Any CPU
		{67A584C5-952F-4E21-8E2A-CA8F8C5105E7}.Debug|Any CPU.ActiveCfg = Debug|Any CPU
		{67A584C5-952F-4E21-8E2A-CA8F8C5105E7}.Debug|Any CPU.Build.0 = Debug|Any CPU
		{67A584C5-952F-4E21-8E2A-CA8F8C5105E7}.Release|Any CPU.ActiveCfg = Release|Any CPU
		{67A584C5-952F-4E21-8E2A-CA8F8C5105E7}.Release|Any CPU.Build.0 = Release|Any CPU
		{CFED71C9-9ACC-434C-A858-E7836B119D38}.Debug|Any CPU.ActiveCfg = Debug|Any CPU
		{CFED71C9-9ACC-434C-A858-E7836B119D38}.Debug|Any CPU.Build.0 = Debug|Any CPU
		{CFED71C9-9ACC-434C-A858-E7836B119D38}.Release|Any CPU.ActiveCfg = Release|Any CPU
		{CFED71C9-9ACC-434C-A858-E7836B119D38}.Release|Any CPU.Build.0 = Release|Any CPU
		{A310143E-5FB2-4454-B323-894C9BFA289E}.Debug|Any CPU.ActiveCfg = Debug|Any CPU
		{A310143E-5FB2-4454-B323-894C9BFA289E}.Debug|Any CPU.Build.0 = Debug|Any CPU
		{A310143E-5FB2-4454-B323-894C9BFA289E}.Release|Any CPU.ActiveCfg = Release|Any CPU
		{A310143E-5FB2-4454-B323-894C9BFA289E}.Release|Any CPU.Build.0 = Release|Any CPU
		{A4A0564C-8FB4-4845-9D4E-019B99B0FF11}.Debug|Any CPU.ActiveCfg = Debug|Any CPU
		{A4A0564C-8FB4-4845-9D4E-019B99B0FF11}.Debug|Any CPU.Build.0 = Debug|Any CPU
		{A4A0564C-8FB4-4845-9D4E-019B99B0FF11}.Release|Any CPU.ActiveCfg = Release|Any CPU
		{A4A0564C-8FB4-4845-9D4E-019B99B0FF11}.Release|Any CPU.Build.0 = Release|Any CPU
		{6C68EFE6-2134-4127-B83E-623AE034BAFA}.Debug|Any CPU.ActiveCfg = Debug|Any CPU
		{6C68EFE6-2134-4127-B83E-623AE034BAFA}.Debug|Any CPU.Build.0 = Debug|Any CPU
		{6C68EFE6-2134-4127-B83E-623AE034BAFA}.Release|Any CPU.ActiveCfg = Release|Any CPU
		{6C68EFE6-2134-4127-B83E-623AE034BAFA}.Release|Any CPU.Build.0 = Release|Any CPU
	EndGlobalSection
	GlobalSection(SolutionProperties) = preSolution
		HideSolutionNode = FALSE
	EndGlobalSection
	GlobalSection(ExtensibilityGlobals) = postSolution
		SolutionGuid = {1258BDB2-A543-41CE-B81F-4C26B380F1DF}
	EndGlobalSection
EndGlobal
